
Microsoft Visual Studio Solution File, Format Version 12.00
# Visual Studio Version 17
VisualStudioVersion = 17.9.34728.123
MinimumVisualStudioVersion = 10.0.40219.1
Project("{FAE04EC0-301F-11D3-BF4B-00C04F79EFBC}") = "kalendarz", "kalendarz\kalendarz.csproj", "{350AE8FC-417B-4453-B639-F39F18457C4A}"
EndProject
Global
	GlobalSection(SolutionConfigurationPlatforms) = preSolution
		Debug|Any CPU = Debug|Any CPU
		Release|Any CPU = Release|Any CPU
	EndGlobalSection
	GlobalSection(ProjectConfigurationPlatforms) = postSolution
		{350AE8FC-417B-4453-B639-F39F18457C4A}.Debug|Any CPU.ActiveCfg = Debug|Any CPU
		{350AE8FC-417B-4453-B639-F39F18457C4A}.Debug|Any CPU.Build.0 = Debug|Any CPU
		{350AE8FC-417B-4453-B639-F39F18457C4A}.Release|Any CPU.ActiveCfg = Release|Any CPU
		{350AE8FC-417B-4453-B639-F39F18457C4A}.Release|Any CPU.Build.0 = Release|Any CPU
	EndGlobalSection
	GlobalSection(SolutionProperties) = preSolution
		HideSolutionNode = FALSE
	EndGlobalSection
	GlobalSection(ExtensibilityGlobals) = postSolution
		SolutionGuid = {972C1515-C283-4265-AD98-9DAF1DDBE5AE}
	EndGlobalSection
EndGlobal
